// !$*UTF8*$!
{
	archiveVersion = 1;
	classes = {
	};
	objectVersion = 56;
	objects = {

/* Begin PBXBuildFile section */
		F68D3A2A29C3D84C00EDB5BA /* DiffingFunctionTests.swift in Sources */ = {isa = PBXBuildFile; fileRef = F68D3A2929C3D84C00EDB5BA /* DiffingFunctionTests.swift */; };
		F6B43F3829CD1FA9008A771B /* SnapshotTesting in Frameworks */ = {isa = PBXBuildFile; productRef = F6B43F3729CD1FA9008A771B /* SnapshotTesting */; };
		F6B43F3A29CD1FD0008A771B /* RotatingLabelSnapshotTests.swift in Sources */ = {isa = PBXBuildFile; fileRef = F6B43F3929CD1FD0008A771B /* RotatingLabelSnapshotTests.swift */; };
		F6B46CBE29CCCF210052593C /* RotatingLabelTests.swift in Sources */ = {isa = PBXBuildFile; fileRef = F6B46CBD29CCCF210052593C /* RotatingLabelTests.swift */; };
		F6FF474329CB8597006940E5 /* DiffingFunction.swift in Sources */ = {isa = PBXBuildFile; fileRef = F68D3A2B29C3E1B500EDB5BA /* DiffingFunction.swift */; };
		F6FF474429CB8597006940E5 /* RotatingLabel.swift in Sources */ = {isa = PBXBuildFile; fileRef = F68D3A2529C2DAA300EDB5BA /* RotatingLabel.swift */; };
/* End PBXBuildFile section */

/* Begin PBXFileReference section */
		F68D3A0829C2DA7E00EDB5BA /* RotatingLabelTests.xctest */ = {isa = PBXFileReference; explicitFileType = wrapper.cfbundle; includeInIndex = 0; path = RotatingLabelTests.xctest; sourceTree = BUILT_PRODUCTS_DIR; };
		F68D3A2529C2DAA300EDB5BA /* RotatingLabel.swift */ = {isa = PBXFileReference; lastKnownFileType = sourcecode.swift; path = RotatingLabel.swift; sourceTree = "<group>"; };
		F68D3A2929C3D84C00EDB5BA /* DiffingFunctionTests.swift */ = {isa = PBXFileReference; lastKnownFileType = sourcecode.swift; path = DiffingFunctionTests.swift; sourceTree = "<group>"; };
		F68D3A2B29C3E1B500EDB5BA /* DiffingFunction.swift */ = {isa = PBXFileReference; lastKnownFileType = sourcecode.swift; path = DiffingFunction.swift; sourceTree = "<group>"; };
		F6B43F3929CD1FD0008A771B /* RotatingLabelSnapshotTests.swift */ = {isa = PBXFileReference; lastKnownFileType = sourcecode.swift; path = RotatingLabelSnapshotTests.swift; sourceTree = "<group>"; };
		F6B46CBD29CCCF210052593C /* RotatingLabelTests.swift */ = {isa = PBXFileReference; lastKnownFileType = sourcecode.swift; path = RotatingLabelTests.swift; sourceTree = "<group>"; };
		F6FF473729CB858D006940E5 /* RotatingLabel.framework */ = {isa = PBXFileReference; explicitFileType = wrapper.framework; includeInIndex = 0; path = RotatingLabel.framework; sourceTree = BUILT_PRODUCTS_DIR; };
/* End PBXFileReference section */

/* Begin PBXFrameworksBuildPhase section */
		F68D3A0529C2DA7E00EDB5BA /* Frameworks */ = {
			isa = PBXFrameworksBuildPhase;
			buildActionMask = 2147483647;
			files = (
				F6B43F3829CD1FA9008A771B /* SnapshotTesting in Frameworks */,
			);
			runOnlyForDeploymentPostprocessing = 0;
		};
		F6FF473429CB858D006940E5 /* Frameworks */ = {
			isa = PBXFrameworksBuildPhase;
			buildActionMask = 2147483647;
			files = (
			);
			runOnlyForDeploymentPostprocessing = 0;
		};
/* End PBXFrameworksBuildPhase section */

/* Begin PBXGroup section */
		F68D39E929C2DA7D00EDB5BA = {
			isa = PBXGroup;
			children = (
				F6FF473829CB858D006940E5 /* RotatingLabel */,
				F68D3A0B29C2DA7E00EDB5BA /* RotatingLabelTests */,
				F68D39F329C2DA7D00EDB5BA /* Products */,
			);
			sourceTree = "<group>";
		};
		F68D39F329C2DA7D00EDB5BA /* Products */ = {
			isa = PBXGroup;
			children = (
				F68D3A0829C2DA7E00EDB5BA /* RotatingLabelTests.xctest */,
				F6FF473729CB858D006940E5 /* RotatingLabel.framework */,
			);
			name = Products;
			sourceTree = "<group>";
		};
		F68D3A0B29C2DA7E00EDB5BA /* RotatingLabelTests */ = {
			isa = PBXGroup;
			children = (
				F6B46CBD29CCCF210052593C /* RotatingLabelTests.swift */,
				F68D3A2929C3D84C00EDB5BA /* DiffingFunctionTests.swift */,
				F6B43F3929CD1FD0008A771B /* RotatingLabelSnapshotTests.swift */,
			);
			path = RotatingLabelTests;
			sourceTree = "<group>";
		};
		F6FF473829CB858D006940E5 /* RotatingLabel */ = {
			isa = PBXGroup;
			children = (
				F68D3A2529C2DAA300EDB5BA /* RotatingLabel.swift */,
				F68D3A2B29C3E1B500EDB5BA /* DiffingFunction.swift */,
			);
			path = RotatingLabel;
			sourceTree = "<group>";
		};
/* End PBXGroup section */

/* Begin PBXHeadersBuildPhase section */
		F6FF473229CB858D006940E5 /* Headers */ = {
			isa = PBXHeadersBuildPhase;
			buildActionMask = 2147483647;
			files = (
			);
			runOnlyForDeploymentPostprocessing = 0;
		};
/* End PBXHeadersBuildPhase section */

/* Begin PBXNativeTarget section */
		F68D3A0729C2DA7E00EDB5BA /* RotatingLabelTests */ = {
			isa = PBXNativeTarget;
			buildConfigurationList = F68D3A1F29C2DA7E00EDB5BA /* Build configuration list for PBXNativeTarget "RotatingLabelTests" */;
			buildPhases = (
				F68D3A0429C2DA7E00EDB5BA /* Sources */,
				F68D3A0529C2DA7E00EDB5BA /* Frameworks */,
				F68D3A0629C2DA7E00EDB5BA /* Resources */,
			);
			buildRules = (
			);
			dependencies = (
			);
			name = RotatingLabelTests;
			packageProductDependencies = (
				F6B43F3729CD1FA9008A771B /* SnapshotTesting */,
			);
			productName = RotatingLabelTests;
			productReference = F68D3A0829C2DA7E00EDB5BA /* RotatingLabelTests.xctest */;
			productType = "com.apple.product-type.bundle.unit-test";
		};
		F6FF473629CB858D006940E5 /* RotatingLabel */ = {
			isa = PBXNativeTarget;
			buildConfigurationList = F6FF473F29CB858D006940E5 /* Build configuration list for PBXNativeTarget "RotatingLabel" */;
			buildPhases = (
				F6FF473229CB858D006940E5 /* Headers */,
				F6FF473329CB858D006940E5 /* Sources */,
				F6FF473429CB858D006940E5 /* Frameworks */,
				F6FF473529CB858D006940E5 /* Resources */,
			);
			buildRules = (
			);
			dependencies = (
			);
			name = RotatingLabel;
			productName = RotatingLabel;
			productReference = F6FF473729CB858D006940E5 /* RotatingLabel.framework */;
			productType = "com.apple.product-type.framework";
		};
/* End PBXNativeTarget section */

/* Begin PBXProject section */
		F68D39EA29C2DA7D00EDB5BA /* Project object */ = {
			isa = PBXProject;
			attributes = {
				BuildIndependentTargetsInParallel = 1;
				LastSwiftUpdateCheck = 1420;
				LastUpgradeCheck = 1420;
				TargetAttributes = {
					F68D3A0729C2DA7E00EDB5BA = {
						CreatedOnToolsVersion = 14.2;
					};
					F6FF473629CB858D006940E5 = {
						CreatedOnToolsVersion = 14.2;
					};
				};
			};
			buildConfigurationList = F68D39ED29C2DA7D00EDB5BA /* Build configuration list for PBXProject "RotatingLabel" */;
			compatibilityVersion = "Xcode 14.0";
			developmentRegion = en;
			hasScannedForEncodings = 0;
			knownRegions = (
				en,
				Base,
			);
			mainGroup = F68D39E929C2DA7D00EDB5BA;
			packageReferences = (
				F6B43F3629CD1FA9008A771B /* XCRemoteSwiftPackageReference "swift-snapshot-testing" */,
			);
			productRefGroup = F68D39F329C2DA7D00EDB5BA /* Products */;
			projectDirPath = "";
			projectRoot = "";
			targets = (
				F6FF473629CB858D006940E5 /* RotatingLabel */,
				F68D3A0729C2DA7E00EDB5BA /* RotatingLabelTests */,
			);
		};
/* End PBXProject section */

/* Begin PBXResourcesBuildPhase section */
		F68D3A0629C2DA7E00EDB5BA /* Resources */ = {
			isa = PBXResourcesBuildPhase;
			buildActionMask = 2147483647;
			files = (
			);
			runOnlyForDeploymentPostprocessing = 0;
		};
		F6FF473529CB858D006940E5 /* Resources */ = {
			isa = PBXResourcesBuildPhase;
			buildActionMask = 2147483647;
			files = (
			);
			runOnlyForDeploymentPostprocessing = 0;
		};
/* End PBXResourcesBuildPhase section */

/* Begin PBXSourcesBuildPhase section */
		F68D3A0429C2DA7E00EDB5BA /* Sources */ = {
			isa = PBXSourcesBuildPhase;
			buildActionMask = 2147483647;
			files = (
				F6B46CBE29CCCF210052593C /* RotatingLabelTests.swift in Sources */,
				F6B43F3A29CD1FD0008A771B /* RotatingLabelSnapshotTests.swift in Sources */,
				F68D3A2A29C3D84C00EDB5BA /* DiffingFunctionTests.swift in Sources */,
			);
			runOnlyForDeploymentPostprocessing = 0;
		};
		F6FF473329CB858D006940E5 /* Sources */ = {
			isa = PBXSourcesBuildPhase;
			buildActionMask = 2147483647;
			files = (
				F6FF474429CB8597006940E5 /* RotatingLabel.swift in Sources */,
				F6FF474329CB8597006940E5 /* DiffingFunction.swift in Sources */,
			);
			runOnlyForDeploymentPostprocessing = 0;
		};
/* End PBXSourcesBuildPhase section */

/* Begin XCBuildConfiguration section */
		F68D3A1A29C2DA7E00EDB5BA /* Debug */ = {
			isa = XCBuildConfiguration;
			buildSettings = {
				ALWAYS_SEARCH_USER_PATHS = NO;
				CLANG_ANALYZER_NONNULL = YES;
				CLANG_ANALYZER_NUMBER_OBJECT_CONVERSION = YES_AGGRESSIVE;
				CLANG_CXX_LANGUAGE_STANDARD = "gnu++20";
				CLANG_ENABLE_MODULES = YES;
				CLANG_ENABLE_OBJC_ARC = YES;
				CLANG_ENABLE_OBJC_WEAK = YES;
				CLANG_WARN_BLOCK_CAPTURE_AUTORELEASING = YES;
				CLANG_WARN_BOOL_CONVERSION = YES;
				CLANG_WARN_COMMA = YES;
				CLANG_WARN_CONSTANT_CONVERSION = YES;
				CLANG_WARN_DEPRECATED_OBJC_IMPLEMENTATIONS = YES;
				CLANG_WARN_DIRECT_OBJC_ISA_USAGE = YES_ERROR;
				CLANG_WARN_DOCUMENTATION_COMMENTS = YES;
				CLANG_WARN_EMPTY_BODY = YES;
				CLANG_WARN_ENUM_CONVERSION = YES;
				CLANG_WARN_INFINITE_RECURSION = YES;
				CLANG_WARN_INT_CONVERSION = YES;
				CLANG_WARN_NON_LITERAL_NULL_CONVERSION = YES;
				CLANG_WARN_OBJC_IMPLICIT_RETAIN_SELF = YES;
				CLANG_WARN_OBJC_LITERAL_CONVERSION = YES;
				CLANG_WARN_OBJC_ROOT_CLASS = YES_ERROR;
				CLANG_WARN_QUOTED_INCLUDE_IN_FRAMEWORK_HEADER = YES;
				CLANG_WARN_RANGE_LOOP_ANALYSIS = YES;
				CLANG_WARN_STRICT_PROTOTYPES = YES;
				CLANG_WARN_SUSPICIOUS_MOVE = YES;
				CLANG_WARN_UNGUARDED_AVAILABILITY = YES_AGGRESSIVE;
				CLANG_WARN_UNREACHABLE_CODE = YES;
				CLANG_WARN__DUPLICATE_METHOD_MATCH = YES;
				COPY_PHASE_STRIP = NO;
				DEBUG_INFORMATION_FORMAT = dwarf;
				ENABLE_STRICT_OBJC_MSGSEND = YES;
				ENABLE_TESTABILITY = YES;
				GCC_C_LANGUAGE_STANDARD = gnu11;
				GCC_DYNAMIC_NO_PIC = NO;
				GCC_NO_COMMON_BLOCKS = YES;
				GCC_OPTIMIZATION_LEVEL = 0;
				GCC_PREPROCESSOR_DEFINITIONS = (
					"DEBUG=1",
					"$(inherited)",
				);
				GCC_WARN_64_TO_32_BIT_CONVERSION = YES;
				GCC_WARN_ABOUT_RETURN_TYPE = YES_ERROR;
				GCC_WARN_UNDECLARED_SELECTOR = YES;
				GCC_WARN_UNINITIALIZED_AUTOS = YES_AGGRESSIVE;
				GCC_WARN_UNUSED_FUNCTION = YES;
				GCC_WARN_UNUSED_VARIABLE = YES;
				IPHONEOS_DEPLOYMENT_TARGET = 16.2;
				MTL_ENABLE_DEBUG_INFO = INCLUDE_SOURCE;
				MTL_FAST_MATH = YES;
				ONLY_ACTIVE_ARCH = YES;
				SDKROOT = iphoneos;
				SWIFT_ACTIVE_COMPILATION_CONDITIONS = DEBUG;
				SWIFT_OPTIMIZATION_LEVEL = "-Onone";
			};
			name = Debug;
		};
		F68D3A1B29C2DA7E00EDB5BA /* Release */ = {
			isa = XCBuildConfiguration;
			buildSettings = {
				ALWAYS_SEARCH_USER_PATHS = NO;
				CLANG_ANALYZER_NONNULL = YES;
				CLANG_ANALYZER_NUMBER_OBJECT_CONVERSION = YES_AGGRESSIVE;
				CLANG_CXX_LANGUAGE_STANDARD = "gnu++20";
				CLANG_ENABLE_MODULES = YES;
				CLANG_ENABLE_OBJC_ARC = YES;
				CLANG_ENABLE_OBJC_WEAK = YES;
				CLANG_WARN_BLOCK_CAPTURE_AUTORELEASING = YES;
				CLANG_WARN_BOOL_CONVERSION = YES;
				CLANG_WARN_COMMA = YES;
				CLANG_WARN_CONSTANT_CONVERSION = YES;
				CLANG_WARN_DEPRECATED_OBJC_IMPLEMENTATIONS = YES;
				CLANG_WARN_DIRECT_OBJC_ISA_USAGE = YES_ERROR;
				CLANG_WARN_DOCUMENTATION_COMMENTS = YES;
				CLANG_WARN_EMPTY_BODY = YES;
				CLANG_WARN_ENUM_CONVERSION = YES;
				CLANG_WARN_INFINITE_RECURSION = YES;
				CLANG_WARN_INT_CONVERSION = YES;
				CLANG_WARN_NON_LITERAL_NULL_CONVERSION = YES;
				CLANG_WARN_OBJC_IMPLICIT_RETAIN_SELF = YES;
				CLANG_WARN_OBJC_LITERAL_CONVERSION = YES;
				CLANG_WARN_OBJC_ROOT_CLASS = YES_ERROR;
				CLANG_WARN_QUOTED_INCLUDE_IN_FRAMEWORK_HEADER = YES;
				CLANG_WARN_RANGE_LOOP_ANALYSIS = YES;
				CLANG_WARN_STRICT_PROTOTYPES = YES;
				CLANG_WARN_SUSPICIOUS_MOVE = YES;
				CLANG_WARN_UNGUARDED_AVAILABILITY = YES_AGGRESSIVE;
				CLANG_WARN_UNREACHABLE_CODE = YES;
				CLANG_WARN__DUPLICATE_METHOD_MATCH = YES;
				COPY_PHASE_STRIP = NO;
				DEBUG_INFORMATION_FORMAT = "dwarf-with-dsym";
				ENABLE_NS_ASSERTIONS = NO;
				ENABLE_STRICT_OBJC_MSGSEND = YES;
				GCC_C_LANGUAGE_STANDARD = gnu11;
				GCC_NO_COMMON_BLOCKS = YES;
				GCC_WARN_64_TO_32_BIT_CONVERSION = YES;
				GCC_WARN_ABOUT_RETURN_TYPE = YES_ERROR;
				GCC_WARN_UNDECLARED_SELECTOR = YES;
				GCC_WARN_UNINITIALIZED_AUTOS = YES_AGGRESSIVE;
				GCC_WARN_UNUSED_FUNCTION = YES;
				GCC_WARN_UNUSED_VARIABLE = YES;
				IPHONEOS_DEPLOYMENT_TARGET = 16.2;
				MTL_ENABLE_DEBUG_INFO = NO;
				MTL_FAST_MATH = YES;
				SDKROOT = iphoneos;
				SWIFT_COMPILATION_MODE = wholemodule;
				SWIFT_OPTIMIZATION_LEVEL = "-O";
				VALIDATE_PRODUCT = YES;
			};
			name = Release;
		};
		F68D3A2029C2DA7E00EDB5BA /* Debug */ = {
			isa = XCBuildConfiguration;
			buildSettings = {
				CODE_SIGN_STYLE = Automatic;
				CURRENT_PROJECT_VERSION = 1;
				DEVELOPMENT_TEAM = X428R7H82B;
				GENERATE_INFOPLIST_FILE = YES;
				IPHONEOS_DEPLOYMENT_TARGET = 15.0;
				MARKETING_VERSION = 1.0;
				PRODUCT_BUNDLE_IDENTIFIER = me.rtorres.RotatingLabelTests;
				PRODUCT_NAME = "$(TARGET_NAME)";
				SWIFT_EMIT_LOC_STRINGS = NO;
				SWIFT_VERSION = 5.0;
				TARGETED_DEVICE_FAMILY = "1,2";
			};
			name = Debug;
		};
		F68D3A2129C2DA7E00EDB5BA /* Release */ = {
			isa = XCBuildConfiguration;
			buildSettings = {
				CODE_SIGN_STYLE = Automatic;
				CURRENT_PROJECT_VERSION = 1;
				DEVELOPMENT_TEAM = X428R7H82B;
				GENERATE_INFOPLIST_FILE = YES;
				IPHONEOS_DEPLOYMENT_TARGET = 15.0;
				MARKETING_VERSION = 1.0;
				PRODUCT_BUNDLE_IDENTIFIER = me.rtorres.RotatingLabelTests;
				PRODUCT_NAME = "$(TARGET_NAME)";
				SWIFT_EMIT_LOC_STRINGS = NO;
				SWIFT_VERSION = 5.0;
				TARGETED_DEVICE_FAMILY = "1,2";
			};
			name = Release;
		};
		F6FF474029CB858D006940E5 /* Debug */ = {
			isa = XCBuildConfiguration;
			buildSettings = {
				CODE_SIGN_STYLE = Automatic;
				CURRENT_PROJECT_VERSION = 1;
				DEFINES_MODULE = YES;
				DEVELOPMENT_TEAM = X428R7H82B;
				DYLIB_COMPATIBILITY_VERSION = 1;
				DYLIB_CURRENT_VERSION = 1;
				DYLIB_INSTALL_NAME_BASE = "@rpath";
				GENERATE_INFOPLIST_FILE = YES;
				INFOPLIST_KEY_NSHumanReadableCopyright = "";
				INSTALL_PATH = "$(LOCAL_LIBRARY_DIR)/Frameworks";
				IPHONEOS_DEPLOYMENT_TARGET = 13.0;
				LD_RUNPATH_SEARCH_PATHS = (
					"$(inherited)",
					"@executable_path/Frameworks",
					"@loader_path/Frameworks",
				);
				MARKETING_VERSION = 1.0;
				PRODUCT_BUNDLE_IDENTIFIER = me.rtorres.RotatingLabel;
				PRODUCT_NAME = "$(TARGET_NAME:c99extidentifier)";
				SKIP_INSTALL = YES;
				SUPPORTED_PLATFORMS = "appletvos appletvsimulator iphoneos iphonesimulator";
				SUPPORTS_MACCATALYST = YES;
				SUPPORTS_MAC_DESIGNED_FOR_IPHONE_IPAD = YES;
				SWIFT_EMIT_LOC_STRINGS = YES;
				SWIFT_VERSION = 5.0;
				TARGETED_DEVICE_FAMILY = "1,2,3";
				TVOS_DEPLOYMENT_TARGET = 13.0;
				VERSIONING_SYSTEM = "apple-generic";
				VERSION_INFO_PREFIX = "";
			};
			name = Debug;
		};
		F6FF474129CB858D006940E5 /* Release */ = {
			isa = XCBuildConfiguration;
			buildSettings = {
				CODE_SIGN_STYLE = Automatic;
				CURRENT_PROJECT_VERSION = 1;
				DEFINES_MODULE = YES;
				DEVELOPMENT_TEAM = X428R7H82B;
				DYLIB_COMPATIBILITY_VERSION = 1;
				DYLIB_CURRENT_VERSION = 1;
				DYLIB_INSTALL_NAME_BASE = "@rpath";
				GENERATE_INFOPLIST_FILE = YES;
				INFOPLIST_KEY_NSHumanReadableCopyright = "";
				INSTALL_PATH = "$(LOCAL_LIBRARY_DIR)/Frameworks";
				IPHONEOS_DEPLOYMENT_TARGET = 13.0;
				LD_RUNPATH_SEARCH_PATHS = (
					"$(inherited)",
					"@executable_path/Frameworks",
					"@loader_path/Frameworks",
				);
				MARKETING_VERSION = 1.0;
				PRODUCT_BUNDLE_IDENTIFIER = me.rtorres.RotatingLabel;
				PRODUCT_NAME = "$(TARGET_NAME:c99extidentifier)";
				SKIP_INSTALL = YES;
				SUPPORTED_PLATFORMS = "appletvos appletvsimulator iphoneos iphonesimulator";
				SUPPORTS_MACCATALYST = YES;
				SUPPORTS_MAC_DESIGNED_FOR_IPHONE_IPAD = YES;
				SWIFT_EMIT_LOC_STRINGS = YES;
				SWIFT_VERSION = 5.0;
				TARGETED_DEVICE_FAMILY = "1,2,3";
				TVOS_DEPLOYMENT_TARGET = 13.0;
				VERSIONING_SYSTEM = "apple-generic";
				VERSION_INFO_PREFIX = "";
			};
			name = Release;
		};
/* End XCBuildConfiguration section */

/* Begin XCConfigurationList section */
		F68D39ED29C2DA7D00EDB5BA /* Build configuration list for PBXProject "RotatingLabel" */ = {
			isa = XCConfigurationList;
			buildConfigurations = (
				F68D3A1A29C2DA7E00EDB5BA /* Debug */,
				F68D3A1B29C2DA7E00EDB5BA /* Release */,
			);
			defaultConfigurationIsVisible = 0;
			defaultConfigurationName = Release;
		};
		F68D3A1F29C2DA7E00EDB5BA /* Build configuration list for PBXNativeTarget "RotatingLabelTests" */ = {
			isa = XCConfigurationList;
			buildConfigurations = (
				F68D3A2029C2DA7E00EDB5BA /* Debug */,
				F68D3A2129C2DA7E00EDB5BA /* Release */,
			);
			defaultConfigurationIsVisible = 0;
			defaultConfigurationName = Release;
		};
		F6FF473F29CB858D006940E5 /* Build configuration list for PBXNativeTarget "RotatingLabel" */ = {
			isa = XCConfigurationList;
			buildConfigurations = (
				F6FF474029CB858D006940E5 /* Debug */,
				F6FF474129CB858D006940E5 /* Release */,
			);
			defaultConfigurationIsVisible = 0;
			defaultConfigurationName = Release;
		};
/* End XCConfigurationList section */

/* Begin XCRemoteSwiftPackageReference section */
		F6B43F3629CD1FA9008A771B /* XCRemoteSwiftPackageReference "swift-snapshot-testing" */ = {
			isa = XCRemoteSwiftPackageReference;
			repositoryURL = "https://github.com/pointfreeco/swift-snapshot-testing";
			requirement = {
				kind = upToNextMajorVersion;
				minimumVersion = 1.0.0;
			};
		};
/* End XCRemoteSwiftPackageReference section */

/* Begin XCSwiftPackageProductDependency section */
		F6B43F3729CD1FA9008A771B /* SnapshotTesting */ = {
			isa = XCSwiftPackageProductDependency;
			package = F6B43F3629CD1FA9008A771B /* XCRemoteSwiftPackageReference "swift-snapshot-testing" */;
			productName = SnapshotTesting;
		};
/* End XCSwiftPackageProductDependency section */
	};
	rootObject = F68D39EA29C2DA7D00EDB5BA /* Project object */;
}
