// !$*UTF8*$!
{
	archiveVersion = 1;
	classes = {
	};
	objectVersion = 56;
	objects = {

/* Begin PBXBuildFile section */
		F68D39F629C2DA7D00EDB5BA /* AppDelegate.swift in Sources */ = {isa = PBXBuildFile; fileRef = F68D39F529C2DA7D00EDB5BA /* AppDelegate.swift */; };
		F68D39F829C2DA7D00EDB5BA /* SceneDelegate.swift in Sources */ = {isa = PBXBuildFile; fileRef = F68D39F729C2DA7D00EDB5BA /* SceneDelegate.swift */; };
		F68D39FA29C2DA7D00EDB5BA /* DemoViewController.swift in Sources */ = {isa = PBXBuildFile; fileRef = F68D39F929C2DA7D00EDB5BA /* DemoViewController.swift */; };
		F68D39FF29C2DA7E00EDB5BA /* Assets.xcassets in Resources */ = {isa = PBXBuildFile; fileRef = F68D39FE29C2DA7E00EDB5BA /* Assets.xcassets */; };
		F68D3A0229C2DA7E00EDB5BA /* LaunchScreen.storyboard in Resources */ = {isa = PBXBuildFile; fileRef = F68D3A0029C2DA7E00EDB5BA /* LaunchScreen.storyboard */; };
		F6F01FD129D3541B005BE798 /* RotatingLabel.framework in Frameworks */ = {isa = PBXBuildFile; fileRef = F6F01FD029D3541B005BE798 /* RotatingLabel.framework */; };
		F6F01FD229D3541B005BE798 /* RotatingLabel.framework in Embed Frameworks */ = {isa = PBXBuildFile; fileRef = F6F01FD029D3541B005BE798 /* RotatingLabel.framework */; settings = {ATTRIBUTES = (CodeSignOnCopy, RemoveHeadersOnCopy, ); }; };
		F6F01FDA29D3556B005BE798 /* AppDelegate.swift in Sources */ = {isa = PBXBuildFile; fileRef = F6F01FD929D3556B005BE798 /* AppDelegate.swift */; };
		F6F01FDC29D3556B005BE798 /* DemoViewController.swift in Sources */ = {isa = PBXBuildFile; fileRef = F6F01FDB29D3556B005BE798 /* DemoViewController.swift */; };
		F6F01FE129D3556C005BE798 /* Assets.xcassets in Resources */ = {isa = PBXBuildFile; fileRef = F6F01FE029D3556C005BE798 /* Assets.xcassets */; };
		F6F01FE429D3556C005BE798 /* LaunchScreen.storyboard in Resources */ = {isa = PBXBuildFile; fileRef = F6F01FE229D3556C005BE798 /* LaunchScreen.storyboard */; };
		F6F01FE929D35761005BE798 /* RotatingLabel.framework in Frameworks */ = {isa = PBXBuildFile; fileRef = F6F01FE829D35761005BE798 /* RotatingLabel.framework */; };
		F6F01FEA29D35761005BE798 /* RotatingLabel.framework in Embed Frameworks */ = {isa = PBXBuildFile; fileRef = F6F01FE829D35761005BE798 /* RotatingLabel.framework */; settings = {ATTRIBUTES = (CodeSignOnCopy, RemoveHeadersOnCopy, ); }; };
/* End PBXBuildFile section */

/* Begin PBXCopyFilesBuildPhase section */
		F6F01FEB29D35761005BE798 /* Embed Frameworks */ = {
			isa = PBXCopyFilesBuildPhase;
			buildActionMask = 2147483647;
			dstPath = "";
			dstSubfolderSpec = 10;
			files = (
				F6F01FEA29D35761005BE798 /* RotatingLabel.framework in Embed Frameworks */,
			);
			name = "Embed Frameworks";
			runOnlyForDeploymentPostprocessing = 0;
		};
		F6FF474229CB858D006940E5 /* Embed Frameworks */ = {
			isa = PBXCopyFilesBuildPhase;
			buildActionMask = 2147483647;
			dstPath = "";
			dstSubfolderSpec = 10;
			files = (
				F6F01FD229D3541B005BE798 /* RotatingLabel.framework in Embed Frameworks */,
			);
			name = "Embed Frameworks";
			runOnlyForDeploymentPostprocessing = 0;
		};
/* End PBXCopyFilesBuildPhase section */

/* Begin PBXFileReference section */
		F68D39F229C2DA7D00EDB5BA /* Demo (iOS).app */ = {isa = PBXFileReference; explicitFileType = wrapper.application; includeInIndex = 0; path = "Demo (iOS).app"; sourceTree = BUILT_PRODUCTS_DIR; };
		F68D39F529C2DA7D00EDB5BA /* AppDelegate.swift */ = {isa = PBXFileReference; lastKnownFileType = sourcecode.swift; path = AppDelegate.swift; sourceTree = "<group>"; };
		F68D39F729C2DA7D00EDB5BA /* SceneDelegate.swift */ = {isa = PBXFileReference; lastKnownFileType = sourcecode.swift; path = SceneDelegate.swift; sourceTree = "<group>"; };
		F68D39F929C2DA7D00EDB5BA /* DemoViewController.swift */ = {isa = PBXFileReference; lastKnownFileType = sourcecode.swift; path = DemoViewController.swift; sourceTree = "<group>"; };
		F68D39FE29C2DA7E00EDB5BA /* Assets.xcassets */ = {isa = PBXFileReference; lastKnownFileType = folder.assetcatalog; path = Assets.xcassets; sourceTree = "<group>"; };
		F68D3A0129C2DA7E00EDB5BA /* Base */ = {isa = PBXFileReference; lastKnownFileType = file.storyboard; name = Base; path = Base.lproj/LaunchScreen.storyboard; sourceTree = "<group>"; };
		F68D3A0329C2DA7E00EDB5BA /* Info.plist */ = {isa = PBXFileReference; lastKnownFileType = text.plist.xml; path = Info.plist; sourceTree = "<group>"; };
		F6F01FD029D3541B005BE798 /* RotatingLabel.framework */ = {isa = PBXFileReference; explicitFileType = wrapper.framework; path = RotatingLabel.framework; sourceTree = BUILT_PRODUCTS_DIR; };
		F6F01FD729D3556B005BE798 /* Demo (tvOS).app */ = {isa = PBXFileReference; explicitFileType = wrapper.application; includeInIndex = 0; path = "Demo (tvOS).app"; sourceTree = BUILT_PRODUCTS_DIR; };
		F6F01FD929D3556B005BE798 /* AppDelegate.swift */ = {isa = PBXFileReference; lastKnownFileType = sourcecode.swift; path = AppDelegate.swift; sourceTree = "<group>"; };
		F6F01FDB29D3556B005BE798 /* DemoViewController.swift */ = {isa = PBXFileReference; lastKnownFileType = sourcecode.swift; path = DemoViewController.swift; sourceTree = "<group>"; };
		F6F01FE029D3556C005BE798 /* Assets.xcassets */ = {isa = PBXFileReference; lastKnownFileType = folder.assetcatalog; path = Assets.xcassets; sourceTree = "<group>"; };
		F6F01FE329D3556C005BE798 /* Base */ = {isa = PBXFileReference; lastKnownFileType = file.storyboard; name = Base; path = Base.lproj/LaunchScreen.storyboard; sourceTree = "<group>"; };
		F6F01FE829D35761005BE798 /* RotatingLabel.framework */ = {isa = PBXFileReference; explicitFileType = wrapper.framework; path = RotatingLabel.framework; sourceTree = BUILT_PRODUCTS_DIR; };
/* End PBXFileReference section */

/* Begin PBXFrameworksBuildPhase section */
		F68D39EF29C2DA7D00EDB5BA /* Frameworks */ = {
			isa = PBXFrameworksBuildPhase;
			buildActionMask = 2147483647;
			files = (
				F6F01FD129D3541B005BE798 /* RotatingLabel.framework in Frameworks */,
			);
			runOnlyForDeploymentPostprocessing = 0;
		};
		F6F01FD429D3556B005BE798 /* Frameworks */ = {
			isa = PBXFrameworksBuildPhase;
			buildActionMask = 2147483647;
			files = (
				F6F01FE929D35761005BE798 /* RotatingLabel.framework in Frameworks */,
			);
			runOnlyForDeploymentPostprocessing = 0;
		};
/* End PBXFrameworksBuildPhase section */

/* Begin PBXGroup section */
		F68D39E929C2DA7D00EDB5BA = {
			isa = PBXGroup;
			children = (
				F68D39F429C2DA7D00EDB5BA /* iOS */,
				F6F01FD829D3556B005BE798 /* tvOS */,
				F68D39F329C2DA7D00EDB5BA /* Products */,
				F6F01FCF29D3541B005BE798 /* Frameworks */,
			);
			sourceTree = "<group>";
		};
		F68D39F329C2DA7D00EDB5BA /* Products */ = {
			isa = PBXGroup;
			children = (
				F68D39F229C2DA7D00EDB5BA /* Demo (iOS).app */,
				F6F01FD729D3556B005BE798 /* Demo (tvOS).app */,
			);
			name = Products;
			sourceTree = "<group>";
		};
		F68D39F429C2DA7D00EDB5BA /* iOS */ = {
			isa = PBXGroup;
			children = (
				F68D39F529C2DA7D00EDB5BA /* AppDelegate.swift */,
				F68D39F729C2DA7D00EDB5BA /* SceneDelegate.swift */,
				F68D39F929C2DA7D00EDB5BA /* DemoViewController.swift */,
				F68D39FE29C2DA7E00EDB5BA /* Assets.xcassets */,
				F68D3A0029C2DA7E00EDB5BA /* LaunchScreen.storyboard */,
				F68D3A0329C2DA7E00EDB5BA /* Info.plist */,
			);
			path = iOS;
			sourceTree = "<group>";
		};
		F6F01FCF29D3541B005BE798 /* Frameworks */ = {
			isa = PBXGroup;
			children = (
				F6F01FE829D35761005BE798 /* RotatingLabel.framework */,
				F6F01FD029D3541B005BE798 /* RotatingLabel.framework */,
			);
			name = Frameworks;
			sourceTree = "<group>";
		};
		F6F01FD829D3556B005BE798 /* tvOS */ = {
			isa = PBXGroup;
			children = (
				F6F01FD929D3556B005BE798 /* AppDelegate.swift */,
				F6F01FDB29D3556B005BE798 /* DemoViewController.swift */,
				F6F01FE029D3556C005BE798 /* Assets.xcassets */,
				F6F01FE229D3556C005BE798 /* LaunchScreen.storyboard */,
			);
			path = tvOS;
			sourceTree = "<group>";
		};
/* End PBXGroup section */

/* Begin PBXNativeTarget section */
		F68D39F129C2DA7D00EDB5BA /* Demo (iOS) */ = {
			isa = PBXNativeTarget;
			buildConfigurationList = F68D3A1C29C2DA7E00EDB5BA /* Build configuration list for PBXNativeTarget "Demo (iOS)" */;
			buildPhases = (
				F68D39EE29C2DA7D00EDB5BA /* Sources */,
				F68D39EF29C2DA7D00EDB5BA /* Frameworks */,
				F68D39F029C2DA7D00EDB5BA /* Resources */,
				F6FF474229CB858D006940E5 /* Embed Frameworks */,
			);
			buildRules = (
			);
			dependencies = (
			);
			name = "Demo (iOS)";
			productName = RotatingLabel;
			productReference = F68D39F229C2DA7D00EDB5BA /* Demo (iOS).app */;
			productType = "com.apple.product-type.application";
		};
		F6F01FD629D3556B005BE798 /* Demo (tvOS) */ = {
			isa = PBXNativeTarget;
			buildConfigurationList = F6F01FE729D3556C005BE798 /* Build configuration list for PBXNativeTarget "Demo (tvOS)" */;
			buildPhases = (
				F6F01FD329D3556B005BE798 /* Sources */,
				F6F01FD429D3556B005BE798 /* Frameworks */,
				F6F01FD529D3556B005BE798 /* Resources */,
				F6F01FEB29D35761005BE798 /* Embed Frameworks */,
			);
			buildRules = (
			);
			dependencies = (
			);
			name = "Demo (tvOS)";
			productName = tvOS;
			productReference = F6F01FD729D3556B005BE798 /* Demo (tvOS).app */;
			productType = "com.apple.product-type.application";
		};
/* End PBXNativeTarget section */

/* Begin PBXProject section */
		F68D39EA29C2DA7D00EDB5BA /* Project object */ = {
			isa = PBXProject;
			attributes = {
				BuildIndependentTargetsInParallel = 1;
				LastSwiftUpdateCheck = 1420;
				LastUpgradeCheck = 1420;
				TargetAttributes = {
					F68D39F129C2DA7D00EDB5BA = {
						CreatedOnToolsVersion = 14.2;
					};
					F6F01FD629D3556B005BE798 = {
						CreatedOnToolsVersion = 14.2;
					};
				};
			};
			buildConfigurationList = F68D39ED29C2DA7D00EDB5BA /* Build configuration list for PBXProject "Demo" */;
			compatibilityVersion = "Xcode 14.0";
			developmentRegion = en;
			hasScannedForEncodings = 0;
			knownRegions = (
				en,
				Base,
			);
			mainGroup = F68D39E929C2DA7D00EDB5BA;
			packageReferences = (
			);
			productRefGroup = F68D39F329C2DA7D00EDB5BA /* Products */;
			projectDirPath = "";
			projectRoot = "";
			targets = (
				F68D39F129C2DA7D00EDB5BA /* Demo (iOS) */,
				F6F01FD629D3556B005BE798 /* Demo (tvOS) */,
			);
		};
/* End PBXProject section */

/* Begin PBXResourcesBuildPhase section */
		F68D39F029C2DA7D00EDB5BA /* Resources */ = {
			isa = PBXResourcesBuildPhase;
			buildActionMask = 2147483647;
			files = (
				F68D3A0229C2DA7E00EDB5BA /* LaunchScreen.storyboard in Resources */,
				F68D39FF29C2DA7E00EDB5BA /* Assets.xcassets in Resources */,
			);
			runOnlyForDeploymentPostprocessing = 0;
		};
		F6F01FD529D3556B005BE798 /* Resources */ = {
			isa = PBXResourcesBuildPhase;
			buildActionMask = 2147483647;
			files = (
				F6F01FE429D3556C005BE798 /* LaunchScreen.storyboard in Resources */,
				F6F01FE129D3556C005BE798 /* Assets.xcassets in Resources */,
			);
			runOnlyForDeploymentPostprocessing = 0;
		};
/* End PBXResourcesBuildPhase section */

/* Begin PBXSourcesBuildPhase section */
		F68D39EE29C2DA7D00EDB5BA /* Sources */ = {
			isa = PBXSourcesBuildPhase;
			buildActionMask = 2147483647;
			files = (
				F68D39FA29C2DA7D00EDB5BA /* DemoViewController.swift in Sources */,
				F68D39F629C2DA7D00EDB5BA /* AppDelegate.swift in Sources */,
				F68D39F829C2DA7D00EDB5BA /* SceneDelegate.swift in Sources */,
			);
			runOnlyForDeploymentPostprocessing = 0;
		};
		F6F01FD329D3556B005BE798 /* Sources */ = {
			isa = PBXSourcesBuildPhase;
			buildActionMask = 2147483647;
			files = (
				F6F01FDC29D3556B005BE798 /* DemoViewController.swift in Sources */,
				F6F01FDA29D3556B005BE798 /* AppDelegate.swift in Sources */,
			);
			runOnlyForDeploymentPostprocessing = 0;
		};
/* End PBXSourcesBuildPhase section */

/* Begin PBXVariantGroup section */
		F68D3A0029C2DA7E00EDB5BA /* LaunchScreen.storyboard */ = {
			isa = PBXVariantGroup;
			children = (
				F68D3A0129C2DA7E00EDB5BA /* Base */,
			);
			name = LaunchScreen.storyboard;
			sourceTree = "<group>";
		};
		F6F01FE229D3556C005BE798 /* LaunchScreen.storyboard */ = {
			isa = PBXVariantGroup;
			children = (
				F6F01FE329D3556C005BE798 /* Base */,
			);
			name = LaunchScreen.storyboard;
			sourceTree = "<group>";
		};
/* End PBXVariantGroup section */

/* Begin XCBuildConfiguration section */
		F68D3A1A29C2DA7E00EDB5BA /* Debug */ = {
			isa = XCBuildConfiguration;
			buildSettings = {
				ALWAYS_SEARCH_USER_PATHS = NO;
				CLANG_ANALYZER_NONNULL = YES;
				CLANG_ANALYZER_NUMBER_OBJECT_CONVERSION = YES_AGGRESSIVE;
				CLANG_CXX_LANGUAGE_STANDARD = "gnu++20";
				CLANG_ENABLE_MODULES = YES;
				CLANG_ENABLE_OBJC_ARC = YES;
				CLANG_ENABLE_OBJC_WEAK = YES;
				CLANG_WARN_BLOCK_CAPTURE_AUTORELEASING = YES;
				CLANG_WARN_BOOL_CONVERSION = YES;
				CLANG_WARN_COMMA = YES;
				CLANG_WARN_CONSTANT_CONVERSION = YES;
				CLANG_WARN_DEPRECATED_OBJC_IMPLEMENTATIONS = YES;
				CLANG_WARN_DIRECT_OBJC_ISA_USAGE = YES_ERROR;
				CLANG_WARN_DOCUMENTATION_COMMENTS = YES;
				CLANG_WARN_EMPTY_BODY = YES;
				CLANG_WARN_ENUM_CONVERSION = YES;
				CLANG_WARN_INFINITE_RECURSION = YES;
				CLANG_WARN_INT_CONVERSION = YES;
				CLANG_WARN_NON_LITERAL_NULL_CONVERSION = YES;
				CLANG_WARN_OBJC_IMPLICIT_RETAIN_SELF = YES;
				CLANG_WARN_OBJC_LITERAL_CONVERSION = YES;
				CLANG_WARN_OBJC_ROOT_CLASS = YES_ERROR;
				CLANG_WARN_QUOTED_INCLUDE_IN_FRAMEWORK_HEADER = YES;
				CLANG_WARN_RANGE_LOOP_ANALYSIS = YES;
				CLANG_WARN_STRICT_PROTOTYPES = YES;
				CLANG_WARN_SUSPICIOUS_MOVE = YES;
				CLANG_WARN_UNGUARDED_AVAILABILITY = YES_AGGRESSIVE;
				CLANG_WARN_UNREACHABLE_CODE = YES;
				CLANG_WARN__DUPLICATE_METHOD_MATCH = YES;
				COPY_PHASE_STRIP = NO;
				DEBUG_INFORMATION_FORMAT = dwarf;
				ENABLE_STRICT_OBJC_MSGSEND = YES;
				ENABLE_TESTABILITY = YES;
				GCC_C_LANGUAGE_STANDARD = gnu11;
				GCC_DYNAMIC_NO_PIC = NO;
				GCC_NO_COMMON_BLOCKS = YES;
				GCC_OPTIMIZATION_LEVEL = 0;
				GCC_PREPROCESSOR_DEFINITIONS = (
					"DEBUG=1",
					"$(inherited)",
				);
				GCC_WARN_64_TO_32_BIT_CONVERSION = YES;
				GCC_WARN_ABOUT_RETURN_TYPE = YES_ERROR;
				GCC_WARN_UNDECLARED_SELECTOR = YES;
				GCC_WARN_UNINITIALIZED_AUTOS = YES_AGGRESSIVE;
				GCC_WARN_UNUSED_FUNCTION = YES;
				GCC_WARN_UNUSED_VARIABLE = YES;
				IPHONEOS_DEPLOYMENT_TARGET = 16.2;
				MTL_ENABLE_DEBUG_INFO = INCLUDE_SOURCE;
				MTL_FAST_MATH = YES;
				ONLY_ACTIVE_ARCH = YES;
				SDKROOT = iphoneos;
				SWIFT_ACTIVE_COMPILATION_CONDITIONS = DEBUG;
				SWIFT_OPTIMIZATION_LEVEL = "-Onone";
			};
			name = Debug;
		};
		F68D3A1B29C2DA7E00EDB5BA /* Release */ = {
			isa = XCBuildConfiguration;
			buildSettings = {
				ALWAYS_SEARCH_USER_PATHS = NO;
				CLANG_ANALYZER_NONNULL = YES;
				CLANG_ANALYZER_NUMBER_OBJECT_CONVERSION = YES_AGGRESSIVE;
				CLANG_CXX_LANGUAGE_STANDARD = "gnu++20";
				CLANG_ENABLE_MODULES = YES;
				CLANG_ENABLE_OBJC_ARC = YES;
				CLANG_ENABLE_OBJC_WEAK = YES;
				CLANG_WARN_BLOCK_CAPTURE_AUTORELEASING = YES;
				CLANG_WARN_BOOL_CONVERSION = YES;
				CLANG_WARN_COMMA = YES;
				CLANG_WARN_CONSTANT_CONVERSION = YES;
				CLANG_WARN_DEPRECATED_OBJC_IMPLEMENTATIONS = YES;
				CLANG_WARN_DIRECT_OBJC_ISA_USAGE = YES_ERROR;
				CLANG_WARN_DOCUMENTATION_COMMENTS = YES;
				CLANG_WARN_EMPTY_BODY = YES;
				CLANG_WARN_ENUM_CONVERSION = YES;
				CLANG_WARN_INFINITE_RECURSION = YES;
				CLANG_WARN_INT_CONVERSION = YES;
				CLANG_WARN_NON_LITERAL_NULL_CONVERSION = YES;
				CLANG_WARN_OBJC_IMPLICIT_RETAIN_SELF = YES;
				CLANG_WARN_OBJC_LITERAL_CONVERSION = YES;
				CLANG_WARN_OBJC_ROOT_CLASS = YES_ERROR;
				CLANG_WARN_QUOTED_INCLUDE_IN_FRAMEWORK_HEADER = YES;
				CLANG_WARN_RANGE_LOOP_ANALYSIS = YES;
				CLANG_WARN_STRICT_PROTOTYPES = YES;
				CLANG_WARN_SUSPICIOUS_MOVE = YES;
				CLANG_WARN_UNGUARDED_AVAILABILITY = YES_AGGRESSIVE;
				CLANG_WARN_UNREACHABLE_CODE = YES;
				CLANG_WARN__DUPLICATE_METHOD_MATCH = YES;
				COPY_PHASE_STRIP = NO;
				DEBUG_INFORMATION_FORMAT = "dwarf-with-dsym";
				ENABLE_NS_ASSERTIONS = NO;
				ENABLE_STRICT_OBJC_MSGSEND = YES;
				GCC_C_LANGUAGE_STANDARD = gnu11;
				GCC_NO_COMMON_BLOCKS = YES;
				GCC_WARN_64_TO_32_BIT_CONVERSION = YES;
				GCC_WARN_ABOUT_RETURN_TYPE = YES_ERROR;
				GCC_WARN_UNDECLARED_SELECTOR = YES;
				GCC_WARN_UNINITIALIZED_AUTOS = YES_AGGRESSIVE;
				GCC_WARN_UNUSED_FUNCTION = YES;
				GCC_WARN_UNUSED_VARIABLE = YES;
				IPHONEOS_DEPLOYMENT_TARGET = 16.2;
				MTL_ENABLE_DEBUG_INFO = NO;
				MTL_FAST_MATH = YES;
				SDKROOT = iphoneos;
				SWIFT_COMPILATION_MODE = wholemodule;
				SWIFT_OPTIMIZATION_LEVEL = "-O";
				VALIDATE_PRODUCT = YES;
			};
			name = Release;
		};
		F68D3A1D29C2DA7E00EDB5BA /* Debug */ = {
			isa = XCBuildConfiguration;
			buildSettings = {
				ASSETCATALOG_COMPILER_APPICON_NAME = AppIcon;
				ASSETCATALOG_COMPILER_GLOBAL_ACCENT_COLOR_NAME = AccentColor;
				CODE_SIGN_STYLE = Automatic;
				CURRENT_PROJECT_VERSION = 1;
				DEVELOPMENT_TEAM = X428R7H82B;
				GENERATE_INFOPLIST_FILE = YES;
				INFOPLIST_FILE = iOS/Info.plist;
				INFOPLIST_KEY_UIApplicationSupportsIndirectInputEvents = YES;
				INFOPLIST_KEY_UILaunchStoryboardName = LaunchScreen;
				INFOPLIST_KEY_UISupportedInterfaceOrientations_iPad = "UIInterfaceOrientationPortrait UIInterfaceOrientationPortraitUpsideDown UIInterfaceOrientationLandscapeLeft UIInterfaceOrientationLandscapeRight";
				INFOPLIST_KEY_UISupportedInterfaceOrientations_iPhone = "UIInterfaceOrientationPortrait UIInterfaceOrientationLandscapeLeft UIInterfaceOrientationLandscapeRight";
				IPHONEOS_DEPLOYMENT_TARGET = 15.0;
				LD_RUNPATH_SEARCH_PATHS = (
					"$(inherited)",
					"@executable_path/Frameworks",
				);
				MARKETING_VERSION = 1.0;
				PRODUCT_BUNDLE_IDENTIFIER = me.rtorres.RotatingLabelDemo.iOS;
				PRODUCT_NAME = "$(TARGET_NAME)";
				SWIFT_EMIT_LOC_STRINGS = YES;
				SWIFT_VERSION = 5.0;
				TARGETED_DEVICE_FAMILY = "1,2";
			};
			name = Debug;
		};
		F68D3A1E29C2DA7E00EDB5BA /* Release */ = {
			isa = XCBuildConfiguration;
			buildSettings = {
				ASSETCATALOG_COMPILER_APPICON_NAME = AppIcon;
				ASSETCATALOG_COMPILER_GLOBAL_ACCENT_COLOR_NAME = AccentColor;
				CODE_SIGN_STYLE = Automatic;
				CURRENT_PROJECT_VERSION = 1;
				DEVELOPMENT_TEAM = X428R7H82B;
				GENERATE_INFOPLIST_FILE = YES;
				INFOPLIST_FILE = iOS/Info.plist;
				INFOPLIST_KEY_UIApplicationSupportsIndirectInputEvents = YES;
				INFOPLIST_KEY_UILaunchStoryboardName = LaunchScreen;
				INFOPLIST_KEY_UISupportedInterfaceOrientations_iPad = "UIInterfaceOrientationPortrait UIInterfaceOrientationPortraitUpsideDown UIInterfaceOrientationLandscapeLeft UIInterfaceOrientationLandscapeRight";
				INFOPLIST_KEY_UISupportedInterfaceOrientations_iPhone = "UIInterfaceOrientationPortrait UIInterfaceOrientationLandscapeLeft UIInterfaceOrientationLandscapeRight";
				IPHONEOS_DEPLOYMENT_TARGET = 15.0;
				LD_RUNPATH_SEARCH_PATHS = (
					"$(inherited)",
					"@executable_path/Frameworks",
				);
				MARKETING_VERSION = 1.0;
				PRODUCT_BUNDLE_IDENTIFIER = me.rtorres.RotatingLabelDemo.iOS;
				PRODUCT_NAME = "$(TARGET_NAME)";
				SWIFT_EMIT_LOC_STRINGS = YES;
				SWIFT_VERSION = 5.0;
				TARGETED_DEVICE_FAMILY = "1,2";
			};
			name = Release;
		};
		F6F01FE529D3556C005BE798 /* Debug */ = {
			isa = XCBuildConfiguration;
			buildSettings = {
				ASSETCATALOG_COMPILER_APPICON_NAME = "App Icon & Top Shelf Image";
				ASSETCATALOG_COMPILER_GLOBAL_ACCENT_COLOR_NAME = AccentColor;
				CODE_SIGN_STYLE = Automatic;
				CURRENT_PROJECT_VERSION = 1;
				DEVELOPMENT_TEAM = X428R7H82B;
				GENERATE_INFOPLIST_FILE = YES;
				INFOPLIST_KEY_UILaunchStoryboardName = LaunchScreen;
				INFOPLIST_KEY_UIUserInterfaceStyle = Automatic;
				LD_RUNPATH_SEARCH_PATHS = (
					"$(inherited)",
					"@executable_path/Frameworks",
				);
				MARKETING_VERSION = 1.0;
				PRODUCT_BUNDLE_IDENTIFIER = me.rtorres.RotatingLabelDemo.tvOS;
				PRODUCT_NAME = "$(TARGET_NAME)";
				SDKROOT = appletvos;
				SWIFT_EMIT_LOC_STRINGS = YES;
				SWIFT_VERSION = 5.0;
				TARGETED_DEVICE_FAMILY = 3;
				TVOS_DEPLOYMENT_TARGET = 15.0;
			};
			name = Debug;
		};
		F6F01FE629D3556C005BE798 /* Release */ = {
			isa = XCBuildConfiguration;
			buildSettings = {
				ASSETCATALOG_COMPILER_APPICON_NAME = "App Icon & Top Shelf Image";
				ASSETCATALOG_COMPILER_GLOBAL_ACCENT_COLOR_NAME = AccentColor;
				CODE_SIGN_STYLE = Automatic;
				CURRENT_PROJECT_VERSION = 1;
				DEVELOPMENT_TEAM = X428R7H82B;
				GENERATE_INFOPLIST_FILE = YES;
				INFOPLIST_KEY_UILaunchStoryboardName = LaunchScreen;
				INFOPLIST_KEY_UIUserInterfaceStyle = Automatic;
				LD_RUNPATH_SEARCH_PATHS = (
					"$(inherited)",
					"@executable_path/Frameworks",
				);
				MARKETING_VERSION = 1.0;
				PRODUCT_BUNDLE_IDENTIFIER = me.rtorres.RotatingLabelDemo.tvOS;
				PRODUCT_NAME = "$(TARGET_NAME)";
				SDKROOT = appletvos;
				SWIFT_EMIT_LOC_STRINGS = YES;
				SWIFT_VERSION = 5.0;
				TARGETED_DEVICE_FAMILY = 3;
				TVOS_DEPLOYMENT_TARGET = 15.0;
			};
			name = Release;
		};
/* End XCBuildConfiguration section */

/* Begin XCConfigurationList section */
		F68D39ED29C2DA7D00EDB5BA /* Build configuration list for PBXProject "Demo" */ = {
			isa = XCConfigurationList;
			buildConfigurations = (
				F68D3A1A29C2DA7E00EDB5BA /* Debug */,
				F68D3A1B29C2DA7E00EDB5BA /* Release */,
			);
			defaultConfigurationIsVisible = 0;
			defaultConfigurationName = Release;
		};
		F68D3A1C29C2DA7E00EDB5BA /* Build configuration list for PBXNativeTarget "Demo (iOS)" */ = {
			isa = XCConfigurationList;
			buildConfigurations = (
				F68D3A1D29C2DA7E00EDB5BA /* Debug */,
				F68D3A1E29C2DA7E00EDB5BA /* Release */,
			);
			defaultConfigurationIsVisible = 0;
			defaultConfigurationName = Release;
		};
		F6F01FE729D3556C005BE798 /* Build configuration list for PBXNativeTarget "Demo (tvOS)" */ = {
			isa = XCConfigurationList;
			buildConfigurations = (
				F6F01FE529D3556C005BE798 /* Debug */,
				F6F01FE629D3556C005BE798 /* Release */,
			);
			defaultConfigurationIsVisible = 0;
			defaultConfigurationName = Release;
		};
/* End XCConfigurationList section */
	};
	rootObject = F68D39EA29C2DA7D00EDB5BA /* Project object */;
}
